// !$*UTF8*$!
{
	archiveVersion = 1;
	classes = {
	};
	objectVersion = 77;
	objects = {

/* Begin PBXBuildFile section */
		F301469A2DA583F0007584DB /* Preview Assets.xcassets in Resources */ = {isa = PBXBuildFile; fileRef = F30146932DA583F0007584DB /* Preview Assets.xcassets */; };
		F301469B2DA583F0007584DB /* Assets.xcassets in Resources */ = {isa = PBXBuildFile; fileRef = F30146952DA583F0007584DB /* Assets.xcassets */; };
		F30146AB2DB28DB1007584DB /* MontserratAlternates-Regular.ttf in Resources */ = {isa = PBXBuildFile; fileRef = F30146AA2DB28DB1007584DB /* MontserratAlternates-Regular.ttf */; };
		F38516242DD0B8E700B577ED /* RootView.swift in Sources */ = {isa = PBXBuildFile; fileRef = F38516232DD0B8E300B577ED /* RootView.swift */; };
		F38516262DD0B94E00B577ED /* LoginView.swift in Sources */ = {isa = PBXBuildFile; fileRef = F38516252DD0B94A00B577ED /* LoginView.swift */; };
		F38516292DD0B9BA00B577ED /* RegisterView.swift in Sources */ = {isa = PBXBuildFile; fileRef = F38516282DD0B9B700B577ED /* RegisterView.swift */; };
		F385162B2DD0B9EC00B577ED /* AuthView.swift in Sources */ = {isa = PBXBuildFile; fileRef = F385162A2DD0B9E900B577ED /* AuthView.swift */; };
		F385162E2DD0BA5E00B577ED /* MainTabView.swift in Sources */ = {isa = PBXBuildFile; fileRef = F385162D2DD0BA5B00B577ED /* MainTabView.swift */; };
		F38516302DD0BAAE00B577ED /* CatalogView.swift in Sources */ = {isa = PBXBuildFile; fileRef = F385162F2DD0BAAB00B577ED /* CatalogView.swift */; };
		F38516322DD0BAC600B577ED /* CartView.swift in Sources */ = {isa = PBXBuildFile; fileRef = F38516312DD0BAC100B577ED /* CartView.swift */; };
		F38516342DD0BAF700B577ED /* WishlistView.swift in Sources */ = {isa = PBXBuildFile; fileRef = F38516332DD0BAF200B577ED /* WishlistView.swift */; };
		F38516362DD0BB1B00B577ED /* ProfileView.swift in Sources */ = {isa = PBXBuildFile; fileRef = F38516352DD0BB1700B577ED /* ProfileView.swift */; };
		F38516382DD0BB6A00B577ED /* Product.swift in Sources */ = {isa = PBXBuildFile; fileRef = F38516372DD0BB6700B577ED /* Product.swift */; };
		F385163A2DD0BC3800B577ED /* AppState.swift in Sources */ = {isa = PBXBuildFile; fileRef = F38516392DD0BC3400B577ED /* AppState.swift */; };
		F385163C2DD37CD600B577ED /* UserProfile.swift in Sources */ = {isa = PBXBuildFile; fileRef = F385163B2DD37CD100B577ED /* UserProfile.swift */; };
		F385163E2DD37CF600B577ED /* NetworkManager.swift in Sources */ = {isa = PBXBuildFile; fileRef = F385163D2DD37CF200B577ED /* NetworkManager.swift */; };
		F38516402DD37D2800B577ED /* AuthViewModel.swift in Sources */ = {isa = PBXBuildFile; fileRef = F385163F2DD37D2300B577ED /* AuthViewModel.swift */; };
		F38516422DD37F1300B577ED /* TokenResponse.swift in Sources */ = {isa = PBXBuildFile; fileRef = F38516412DD37F0E00B577ED /* TokenResponse.swift */; };
		F38516452DD37F8A00B577ED /* Endpoint.swift in Sources */ = {isa = PBXBuildFile; fileRef = F38516442DD37F8300B577ED /* Endpoint.swift */; };
		F38516472DD37F9A00B577ED /* HTTPMethod.swift in Sources */ = {isa = PBXBuildFile; fileRef = F38516462DD37F9700B577ED /* HTTPMethod.swift */; };
		F38516492DD37FAC00B577ED /* NetworkError.swift in Sources */ = {isa = PBXBuildFile; fileRef = F38516482DD37FA800B577ED /* NetworkError.swift */; };
		F385164B2DD3853A00B577ED /* CatalogViewModel.swift in Sources */ = {isa = PBXBuildFile; fileRef = F385164A2DD3853300B577ED /* CatalogViewModel.swift */; };
		F385164D2DD394D200B577ED /* CartViewModel.swift in Sources */ = {isa = PBXBuildFile; fileRef = F385164C2DD394CB00B577ED /* CartViewModel.swift */; };
		F385164F2DD399D700B577ED /* WishlistViewModel.swift in Sources */ = {isa = PBXBuildFile; fileRef = F385164E2DD399C800B577ED /* WishlistViewModel.swift */; };
		F385165A2DE4C1DF00B577ED /* NetworkService.swift in Sources */ = {isa = PBXBuildFile; fileRef = F38516592DE4C1D700B577ED /* NetworkService.swift */; };
		F385165D2DE4C23300B577ED /* MockNetworkManager.swift in Sources */ = {isa = PBXBuildFile; fileRef = F385165C2DE4C22B00B577ED /* MockNetworkManager.swift */; };
		F385165F2DE4C89600B577ED /* EmptyResponse.swift in Sources */ = {isa = PBXBuildFile; fileRef = F385165E2DE4C88900B577ED /* EmptyResponse.swift */; };
		F38516632DE51AD700B577ED /* Steps.swift in Sources */ = {isa = PBXBuildFile; fileRef = F38516622DE51AD400B577ED /* Steps.swift */; };
		F385166A2DE5236B00B577ED /* RunTests.sh in Resources */ = {isa = PBXBuildFile; fileRef = F38516692DE5235A00B577ED /* RunTests.sh */; };
		F3C5CF602DEF251600BDA128 /* jenkins.groovy in Resources */ = {isa = PBXBuildFile; fileRef = F3C5CF5F2DEF250B00BDA128 /* jenkins.groovy */; };
/* End PBXBuildFile section */

/* Begin PBXContainerItemProxy section */
		F301465F2DA5315D007584DB /* PBXContainerItemProxy */ = {
			isa = PBXContainerItemProxy;
			containerPortal = F30146462DA5315C007584DB /* Project object */;
			proxyType = 1;
			remoteGlobalIDString = F301464D2DA5315C007584DB;
			remoteInfo = Study;
		};
		F30146692DA5315D007584DB /* PBXContainerItemProxy */ = {
			isa = PBXContainerItemProxy;
			containerPortal = F30146462DA5315C007584DB /* Project object */;
			proxyType = 1;
			remoteGlobalIDString = F301464D2DA5315C007584DB;
			remoteInfo = Study;
		};
/* End PBXContainerItemProxy section */

/* Begin PBXFileReference section */
		F301464E2DA5315C007584DB /* Study.app */ = {isa = PBXFileReference; explicitFileType = wrapper.application; includeInIndex = 0; path = Study.app; sourceTree = BUILT_PRODUCTS_DIR; };
		F301465E2DA5315D007584DB /* StudyTests.xctest */ = {isa = PBXFileReference; explicitFileType = wrapper.cfbundle; includeInIndex = 0; path = StudyTests.xctest; sourceTree = BUILT_PRODUCTS_DIR; };
		F30146682DA5315D007584DB /* StudyUITests.xctest */ = {isa = PBXFileReference; explicitFileType = wrapper.cfbundle; includeInIndex = 0; path = StudyUITests.xctest; sourceTree = BUILT_PRODUCTS_DIR; };
		F30146932DA583F0007584DB /* Preview Assets.xcassets */ = {isa = PBXFileReference; lastKnownFileType = folder.assetcatalog; path = "Preview Assets.xcassets"; sourceTree = "<group>"; };
		F30146952DA583F0007584DB /* Assets.xcassets */ = {isa = PBXFileReference; lastKnownFileType = folder.assetcatalog; path = Assets.xcassets; sourceTree = "<group>"; };
		F30146972DA583F0007584DB /* Info.plist */ = {isa = PBXFileReference; lastKnownFileType = text.plist.xml; path = Info.plist; sourceTree = "<group>"; };
		F30146AA2DB28DB1007584DB /* MontserratAlternates-Regular.ttf */ = {isa = PBXFileReference; lastKnownFileType = file; path = "MontserratAlternates-Regular.ttf"; sourceTree = "<group>"; };
		F38516232DD0B8E300B577ED /* RootView.swift */ = {isa = PBXFileReference; lastKnownFileType = sourcecode.swift; path = RootView.swift; sourceTree = "<group>"; };
		F38516252DD0B94A00B577ED /* LoginView.swift */ = {isa = PBXFileReference; lastKnownFileType = sourcecode.swift; path = LoginView.swift; sourceTree = "<group>"; };
		F38516282DD0B9B700B577ED /* RegisterView.swift */ = {isa = PBXFileReference; lastKnownFileType = sourcecode.swift; path = RegisterView.swift; sourceTree = "<group>"; };
		F385162A2DD0B9E900B577ED /* AuthView.swift */ = {isa = PBXFileReference; lastKnownFileType = sourcecode.swift; path = AuthView.swift; sourceTree = "<group>"; };
		F385162D2DD0BA5B00B577ED /* MainTabView.swift */ = {isa = PBXFileReference; lastKnownFileType = sourcecode.swift; path = MainTabView.swift; sourceTree = "<group>"; };
		F385162F2DD0BAAB00B577ED /* CatalogView.swift */ = {isa = PBXFileReference; lastKnownFileType = sourcecode.swift; path = CatalogView.swift; sourceTree = "<group>"; };
		F38516312DD0BAC100B577ED /* CartView.swift */ = {isa = PBXFileReference; lastKnownFileType = sourcecode.swift; path = CartView.swift; sourceTree = "<group>"; };
		F38516332DD0BAF200B577ED /* WishlistView.swift */ = {isa = PBXFileReference; lastKnownFileType = sourcecode.swift; path = WishlistView.swift; sourceTree = "<group>"; };
		F38516352DD0BB1700B577ED /* ProfileView.swift */ = {isa = PBXFileReference; lastKnownFileType = sourcecode.swift; path = ProfileView.swift; sourceTree = "<group>"; };
		F38516372DD0BB6700B577ED /* Product.swift */ = {isa = PBXFileReference; lastKnownFileType = sourcecode.swift; path = Product.swift; sourceTree = "<group>"; };
		F38516392DD0BC3400B577ED /* AppState.swift */ = {isa = PBXFileReference; lastKnownFileType = sourcecode.swift; path = AppState.swift; sourceTree = "<group>"; };
		F385163B2DD37CD100B577ED /* UserProfile.swift */ = {isa = PBXFileReference; lastKnownFileType = sourcecode.swift; path = UserProfile.swift; sourceTree = "<group>"; };
		F385163D2DD37CF200B577ED /* NetworkManager.swift */ = {isa = PBXFileReference; lastKnownFileType = sourcecode.swift; path = NetworkManager.swift; sourceTree = "<group>"; };
		F385163F2DD37D2300B577ED /* AuthViewModel.swift */ = {isa = PBXFileReference; lastKnownFileType = sourcecode.swift; path = AuthViewModel.swift; sourceTree = "<group>"; };
		F38516412DD37F0E00B577ED /* TokenResponse.swift */ = {isa = PBXFileReference; lastKnownFileType = sourcecode.swift; path = TokenResponse.swift; sourceTree = "<group>"; };
		F38516442DD37F8300B577ED /* Endpoint.swift */ = {isa = PBXFileReference; lastKnownFileType = sourcecode.swift; path = Endpoint.swift; sourceTree = "<group>"; };
		F38516462DD37F9700B577ED /* HTTPMethod.swift */ = {isa = PBXFileReference; lastKnownFileType = sourcecode.swift; path = HTTPMethod.swift; sourceTree = "<group>"; };
		F38516482DD37FA800B577ED /* NetworkError.swift */ = {isa = PBXFileReference; lastKnownFileType = sourcecode.swift; path = NetworkError.swift; sourceTree = "<group>"; };
		F385164A2DD3853300B577ED /* CatalogViewModel.swift */ = {isa = PBXFileReference; lastKnownFileType = sourcecode.swift; path = CatalogViewModel.swift; sourceTree = "<group>"; };
		F385164C2DD394CB00B577ED /* CartViewModel.swift */ = {isa = PBXFileReference; lastKnownFileType = sourcecode.swift; path = CartViewModel.swift; sourceTree = "<group>"; };
		F385164E2DD399C800B577ED /* WishlistViewModel.swift */ = {isa = PBXFileReference; lastKnownFileType = sourcecode.swift; path = WishlistViewModel.swift; sourceTree = "<group>"; };
		F38516592DE4C1D700B577ED /* NetworkService.swift */ = {isa = PBXFileReference; lastKnownFileType = sourcecode.swift; path = NetworkService.swift; sourceTree = "<group>"; };
		F385165C2DE4C22B00B577ED /* MockNetworkManager.swift */ = {isa = PBXFileReference; lastKnownFileType = sourcecode.swift; path = MockNetworkManager.swift; sourceTree = "<group>"; };
		F385165E2DE4C88900B577ED /* EmptyResponse.swift */ = {isa = PBXFileReference; lastKnownFileType = sourcecode.swift; path = EmptyResponse.swift; sourceTree = "<group>"; };
		F38516622DE51AD400B577ED /* Steps.swift */ = {isa = PBXFileReference; lastKnownFileType = sourcecode.swift; path = Steps.swift; sourceTree = "<group>"; };
		F38516692DE5235A00B577ED /* RunTests.sh */ = {isa = PBXFileReference; lastKnownFileType = text.script.sh; path = RunTests.sh; sourceTree = "<group>"; };
		F3C5CF5F2DEF250B00BDA128 /* jenkins.groovy */ = {isa = PBXFileReference; lastKnownFileType = text; path = jenkins.groovy; sourceTree = "<group>"; };
/* End PBXFileReference section */

/* Begin PBXFileSystemSynchronizedRootGroup section */
		F30146612DA5315D007584DB /* StudyTests */ = {
			isa = PBXFileSystemSynchronizedRootGroup;
			path = StudyTests;
			sourceTree = "<group>";
		};
		F301466B2DA5315D007584DB /* StudyUITests */ = {
			isa = PBXFileSystemSynchronizedRootGroup;
			path = StudyUITests;
			sourceTree = "<group>";
		};
/* End PBXFileSystemSynchronizedRootGroup section */

/* Begin PBXFrameworksBuildPhase section */
		F301464B2DA5315C007584DB /* Frameworks */ = {
			isa = PBXFrameworksBuildPhase;
			buildActionMask = 2147483647;
			files = (
			);
			runOnlyForDeploymentPostprocessing = 0;
		};
		F301465B2DA5315D007584DB /* Frameworks */ = {
			isa = PBXFrameworksBuildPhase;
			buildActionMask = 2147483647;
			files = (
			);
			runOnlyForDeploymentPostprocessing = 0;
		};
		F30146652DA5315D007584DB /* Frameworks */ = {
			isa = PBXFrameworksBuildPhase;
			buildActionMask = 2147483647;
			files = (
			);
			runOnlyForDeploymentPostprocessing = 0;
		};
/* End PBXFrameworksBuildPhase section */

/* Begin PBXGroup section */
		F30146452DA5315C007584DB = {
			isa = PBXGroup;
			children = (
				F30146992DA583F0007584DB /* Study */,
				F30146922DA583B1007584DB /* Tests */,
				F301464F2DA5315C007584DB /* Products */,
			);
			sourceTree = "<group>";
		};
		F301464F2DA5315C007584DB /* Products */ = {
			isa = PBXGroup;
			children = (
				F301464E2DA5315C007584DB /* Study.app */,
				F301465E2DA5315D007584DB /* StudyTests.xctest */,
				F30146682DA5315D007584DB /* StudyUITests.xctest */,
			);
			name = Products;
			sourceTree = "<group>";
		};
		F30146922DA583B1007584DB /* Tests */ = {
			isa = PBXGroup;
			children = (
				F38516662DE5234100B577ED /* Utils */,
				F38516612DE51AA200B577ED /* Helpers */,
				F385165B2DE4C22200B577ED /* Mocks */,
				F30146612DA5315D007584DB /* StudyTests */,
				F301466B2DA5315D007584DB /* StudyUITests */,
			);
			path = Tests;
			sourceTree = "<group>";
		};
		F30146942DA583F0007584DB /* Preview Content */ = {
			isa = PBXGroup;
			children = (
				F30146932DA583F0007584DB /* Preview Assets.xcassets */,
			);
			path = "Preview Content";
			sourceTree = "<group>";
		};
		F30146992DA583F0007584DB /* Study */ = {
			isa = PBXGroup;
			children = (
				F3C5CF5F2DEF250B00BDA128 /* jenkins.groovy */,
				F30146A02DA5841E007584DB /* App */,
				F30146A12DA58427007584DB /* Configuration */,
				F301469F2DA58414007584DB /* Resources */,
			);
			path = Study;
			sourceTree = "<group>";
		};
		F301469F2DA58414007584DB /* Resources */ = {
			isa = PBXGroup;
			children = (
				F30146A92DB28C52007584DB /* Fonts */,
				F30146942DA583F0007584DB /* Preview Content */,
				F30146952DA583F0007584DB /* Assets.xcassets */,
			);
			path = Resources;
			sourceTree = "<group>";
		};
		F30146A02DA5841E007584DB /* App */ = {
			isa = PBXGroup;
			children = (
				F385161F2DD0B88700B577ED /* Views */,
				F38516202DD0B89B00B577ED /* Models */,
				F38516212DD0B8A600B577ED /* ViewModels */,
				F38516222DD0B8B000B577ED /* Utils */,
				F38516432DD37F5000B577ED /* Network */,
			);
			path = App;
			sourceTree = "<group>";
		};
		F30146A12DA58427007584DB /* Configuration */ = {
			isa = PBXGroup;
			children = (
				F30146972DA583F0007584DB /* Info.plist */,
			);
			path = Configuration;
			sourceTree = "<group>";
		};
		F30146A92DB28C52007584DB /* Fonts */ = {
			isa = PBXGroup;
			children = (
				F30146AA2DB28DB1007584DB /* MontserratAlternates-Regular.ttf */,
			);
			path = Fonts;
			sourceTree = "<group>";
		};
		F385161F2DD0B88700B577ED /* Views */ = {
			isa = PBXGroup;
			children = (
				F38516272DD0B99D00B577ED /* Auth */,
				F385162C2DD0BA2700B577ED /* Main */,
				F38516232DD0B8E300B577ED /* RootView.swift */,
			);
			path = Views;
			sourceTree = "<group>";
		};
		F38516202DD0B89B00B577ED /* Models */ = {
			isa = PBXGroup;
			children = (
				F38516412DD37F0E00B577ED /* TokenResponse.swift */,
				F385163B2DD37CD100B577ED /* UserProfile.swift */,
				F38516372DD0BB6700B577ED /* Product.swift */,
			);
			path = Models;
			sourceTree = "<group>";
		};
		F38516212DD0B8A600B577ED /* ViewModels */ = {
			isa = PBXGroup;
			children = (
				F385164E2DD399C800B577ED /* WishlistViewModel.swift */,
				F385164C2DD394CB00B577ED /* CartViewModel.swift */,
				F385164A2DD3853300B577ED /* CatalogViewModel.swift */,
				F385163F2DD37D2300B577ED /* AuthViewModel.swift */,
			);
			path = ViewModels;
			sourceTree = "<group>";
		};
		F38516222DD0B8B000B577ED /* Utils */ = {
			isa = PBXGroup;
			children = (
				F38516392DD0BC3400B577ED /* AppState.swift */,
			);
			path = Utils;
			sourceTree = "<group>";
		};
		F38516272DD0B99D00B577ED /* Auth */ = {
			isa = PBXGroup;
			children = (
				F385162A2DD0B9E900B577ED /* AuthView.swift */,
				F38516282DD0B9B700B577ED /* RegisterView.swift */,
				F38516252DD0B94A00B577ED /* LoginView.swift */,
			);
			path = Auth;
			sourceTree = "<group>";
		};
		F385162C2DD0BA2700B577ED /* Main */ = {
			isa = PBXGroup;
			children = (
				F38516352DD0BB1700B577ED /* ProfileView.swift */,
				F38516332DD0BAF200B577ED /* WishlistView.swift */,
				F38516312DD0BAC100B577ED /* CartView.swift */,
				F385162F2DD0BAAB00B577ED /* CatalogView.swift */,
				F385162D2DD0BA5B00B577ED /* MainTabView.swift */,
			);
			path = Main;
			sourceTree = "<group>";
		};
		F38516432DD37F5000B577ED /* Network */ = {
			isa = PBXGroup;
			children = (
				F385165E2DE4C88900B577ED /* EmptyResponse.swift */,
				F38516592DE4C1D700B577ED /* NetworkService.swift */,
				F38516482DD37FA800B577ED /* NetworkError.swift */,
				F38516462DD37F9700B577ED /* HTTPMethod.swift */,
				F38516442DD37F8300B577ED /* Endpoint.swift */,
				F385163D2DD37CF200B577ED /* NetworkManager.swift */,
			);
			path = Network;
			sourceTree = "<group>";
		};
		F385165B2DE4C22200B577ED /* Mocks */ = {
			isa = PBXGroup;
			children = (
				F385165C2DE4C22B00B577ED /* MockNetworkManager.swift */,
			);
			path = Mocks;
			sourceTree = "<group>";
		};
		F38516612DE51AA200B577ED /* Helpers */ = {
			isa = PBXGroup;
			children = (
				F38516622DE51AD400B577ED /* Steps.swift */,
			);
			path = Helpers;
			sourceTree = "<group>";
		};
		F38516662DE5234100B577ED /* Utils */ = {
			isa = PBXGroup;
			children = (
				F38516692DE5235A00B577ED /* RunTests.sh */,
			);
			path = Utils;
			sourceTree = "<group>";
		};
/* End PBXGroup section */

/* Begin PBXNativeTarget section */
		F301464D2DA5315C007584DB /* Study */ = {
			isa = PBXNativeTarget;
			buildConfigurationList = F30146722DA5315D007584DB /* Build configuration list for PBXNativeTarget "Study" */;
			buildPhases = (
				F301464A2DA5315C007584DB /* Sources */,
				F301464B2DA5315C007584DB /* Frameworks */,
				F301464C2DA5315C007584DB /* Resources */,
			);
			buildRules = (
			);
			dependencies = (
			);
			name = Study;
			packageProductDependencies = (
			);
			productName = Study;
			productReference = F301464E2DA5315C007584DB /* Study.app */;
			productType = "com.apple.product-type.application";
		};
		F301465D2DA5315D007584DB /* StudyTests */ = {
			isa = PBXNativeTarget;
			buildConfigurationList = F30146752DA5315D007584DB /* Build configuration list for PBXNativeTarget "StudyTests" */;
			buildPhases = (
				F301465A2DA5315D007584DB /* Sources */,
				F301465B2DA5315D007584DB /* Frameworks */,
				F301465C2DA5315D007584DB /* Resources */,
			);
			buildRules = (
			);
			dependencies = (
				F30146602DA5315D007584DB /* PBXTargetDependency */,
			);
			fileSystemSynchronizedGroups = (
				F30146612DA5315D007584DB /* StudyTests */,
			);
			name = StudyTests;
			packageProductDependencies = (
			);
			productName = StudyTests;
			productReference = F301465E2DA5315D007584DB /* StudyTests.xctest */;
			productType = "com.apple.product-type.bundle.unit-test";
		};
		F30146672DA5315D007584DB /* StudyUITests */ = {
			isa = PBXNativeTarget;
			buildConfigurationList = F30146782DA5315D007584DB /* Build configuration list for PBXNativeTarget "StudyUITests" */;
			buildPhases = (
				F30146642DA5315D007584DB /* Sources */,
				F30146652DA5315D007584DB /* Frameworks */,
				F30146662DA5315D007584DB /* Resources */,
			);
			buildRules = (
			);
			dependencies = (
				F301466A2DA5315D007584DB /* PBXTargetDependency */,
			);
			fileSystemSynchronizedGroups = (
				F301466B2DA5315D007584DB /* StudyUITests */,
			);
			name = StudyUITests;
			packageProductDependencies = (
			);
			productName = StudyUITests;
			productReference = F30146682DA5315D007584DB /* StudyUITests.xctest */;
			productType = "com.apple.product-type.bundle.ui-testing";
		};
/* End PBXNativeTarget section */

/* Begin PBXProject section */
		F30146462DA5315C007584DB /* Project object */ = {
			isa = PBXProject;
			attributes = {
				BuildIndependentTargetsInParallel = 1;
				LastSwiftUpdateCheck = 1620;
				LastUpgradeCheck = 1620;
				TargetAttributes = {
					F301464D2DA5315C007584DB = {
						CreatedOnToolsVersion = 16.2;
					};
					F301465D2DA5315D007584DB = {
						CreatedOnToolsVersion = 16.2;
						TestTargetID = F301464D2DA5315C007584DB;
					};
					F30146672DA5315D007584DB = {
						CreatedOnToolsVersion = 16.2;
						TestTargetID = F301464D2DA5315C007584DB;
					};
				};
			};
			buildConfigurationList = F30146492DA5315C007584DB /* Build configuration list for PBXProject "Study" */;
			developmentRegion = en;
			hasScannedForEncodings = 0;
			knownRegions = (
				en,
				Base,
			);
			mainGroup = F30146452DA5315C007584DB;
			minimizedProjectReferenceProxies = 1;
			preferredProjectObjectVersion = 77;
			productRefGroup = F301464F2DA5315C007584DB /* Products */;
			projectDirPath = "";
			projectRoot = "";
			targets = (
				F301464D2DA5315C007584DB /* Study */,
				F301465D2DA5315D007584DB /* StudyTests */,
				F30146672DA5315D007584DB /* StudyUITests */,
			);
		};
/* End PBXProject section */

/* Begin PBXResourcesBuildPhase section */
		F301464C2DA5315C007584DB /* Resources */ = {
			isa = PBXResourcesBuildPhase;
			buildActionMask = 2147483647;
			files = (
				F3C5CF602DEF251600BDA128 /* jenkins.groovy in Resources */,
				F301469A2DA583F0007584DB /* Preview Assets.xcassets in Resources */,
				F30146AB2DB28DB1007584DB /* MontserratAlternates-Regular.ttf in Resources */,
				F301469B2DA583F0007584DB /* Assets.xcassets in Resources */,
			);
			runOnlyForDeploymentPostprocessing = 0;
		};
		F301465C2DA5315D007584DB /* Resources */ = {
			isa = PBXResourcesBuildPhase;
			buildActionMask = 2147483647;
			files = (
				F385166A2DE5236B00B577ED /* RunTests.sh in Resources */,
			);
			runOnlyForDeploymentPostprocessing = 0;
		};
		F30146662DA5315D007584DB /* Resources */ = {
			isa = PBXResourcesBuildPhase;
			buildActionMask = 2147483647;
			files = (
			);
			runOnlyForDeploymentPostprocessing = 0;
		};
/* End PBXResourcesBuildPhase section */

/* Begin PBXSourcesBuildPhase section */
		F301464A2DA5315C007584DB /* Sources */ = {
			isa = PBXSourcesBuildPhase;
			buildActionMask = 2147483647;
			files = (
				F38516322DD0BAC600B577ED /* CartView.swift in Sources */,
				F385162B2DD0B9EC00B577ED /* AuthView.swift in Sources */,
				F385163C2DD37CD600B577ED /* UserProfile.swift in Sources */,
				F38516302DD0BAAE00B577ED /* CatalogView.swift in Sources */,
				F38516422DD37F1300B577ED /* TokenResponse.swift in Sources */,
				F385165A2DE4C1DF00B577ED /* NetworkService.swift in Sources */,
				F385164F2DD399D700B577ED /* WishlistViewModel.swift in Sources */,
				F385163E2DD37CF600B577ED /* NetworkManager.swift in Sources */,
				F38516242DD0B8E700B577ED /* RootView.swift in Sources */,
				F38516362DD0BB1B00B577ED /* ProfileView.swift in Sources */,
				F385165F2DE4C89600B577ED /* EmptyResponse.swift in Sources */,
				F38516472DD37F9A00B577ED /* HTTPMethod.swift in Sources */,
				F385164D2DD394D200B577ED /* CartViewModel.swift in Sources */,
				F38516402DD37D2800B577ED /* AuthViewModel.swift in Sources */,
				F385162E2DD0BA5E00B577ED /* MainTabView.swift in Sources */,
				F385164B2DD3853A00B577ED /* CatalogViewModel.swift in Sources */,
				F38516452DD37F8A00B577ED /* Endpoint.swift in Sources */,
				F38516342DD0BAF700B577ED /* WishlistView.swift in Sources */,
				F38516492DD37FAC00B577ED /* NetworkError.swift in Sources */,
				F385163A2DD0BC3800B577ED /* AppState.swift in Sources */,
				F38516292DD0B9BA00B577ED /* RegisterView.swift in Sources */,
				F38516262DD0B94E00B577ED /* LoginView.swift in Sources */,
				F38516382DD0BB6A00B577ED /* Product.swift in Sources */,
			);
			runOnlyForDeploymentPostprocessing = 0;
		};
		F301465A2DA5315D007584DB /* Sources */ = {
			isa = PBXSourcesBuildPhase;
			buildActionMask = 2147483647;
			files = (
				F38516632DE51AD700B577ED /* Steps.swift in Sources */,
				F385165D2DE4C23300B577ED /* MockNetworkManager.swift in Sources */,
			);
			runOnlyForDeploymentPostprocessing = 0;
		};
		F30146642DA5315D007584DB /* Sources */ = {
			isa = PBXSourcesBuildPhase;
			buildActionMask = 2147483647;
			files = (
			);
			runOnlyForDeploymentPostprocessing = 0;
		};
/* End PBXSourcesBuildPhase section */

/* Begin PBXTargetDependency section */
		F30146602DA5315D007584DB /* PBXTargetDependency */ = {
			isa = PBXTargetDependency;
			target = F301464D2DA5315C007584DB /* Study */;
			targetProxy = F301465F2DA5315D007584DB /* PBXContainerItemProxy */;
		};
		F301466A2DA5315D007584DB /* PBXTargetDependency */ = {
			isa = PBXTargetDependency;
			target = F301464D2DA5315C007584DB /* Study */;
			targetProxy = F30146692DA5315D007584DB /* PBXContainerItemProxy */;
		};
/* End PBXTargetDependency section */

/* Begin XCBuildConfiguration section */
		F30146702DA5315D007584DB /* Debug */ = {
			isa = XCBuildConfiguration;
			buildSettings = {
				ALWAYS_SEARCH_USER_PATHS = NO;
				ASSETCATALOG_COMPILER_GENERATE_SWIFT_ASSET_SYMBOL_EXTENSIONS = YES;
				CLANG_ANALYZER_NONNULL = YES;
				CLANG_ANALYZER_NUMBER_OBJECT_CONVERSION = YES_AGGRESSIVE;
				CLANG_CXX_LANGUAGE_STANDARD = "gnu++20";
				CLANG_ENABLE_MODULES = YES;
				CLANG_ENABLE_OBJC_ARC = YES;
				CLANG_ENABLE_OBJC_WEAK = YES;
				CLANG_WARN_BLOCK_CAPTURE_AUTORELEASING = YES;
				CLANG_WARN_BOOL_CONVERSION = YES;
				CLANG_WARN_COMMA = YES;
				CLANG_WARN_CONSTANT_CONVERSION = YES;
				CLANG_WARN_DEPRECATED_OBJC_IMPLEMENTATIONS = YES;
				CLANG_WARN_DIRECT_OBJC_ISA_USAGE = YES_ERROR;
				CLANG_WARN_DOCUMENTATION_COMMENTS = YES;
				CLANG_WARN_EMPTY_BODY = YES;
				CLANG_WARN_ENUM_CONVERSION = YES;
				CLANG_WARN_INFINITE_RECURSION = YES;
				CLANG_WARN_INT_CONVERSION = YES;
				CLANG_WARN_NON_LITERAL_NULL_CONVERSION = YES;
				CLANG_WARN_OBJC_IMPLICIT_RETAIN_SELF = YES;
				CLANG_WARN_OBJC_LITERAL_CONVERSION = YES;
				CLANG_WARN_OBJC_ROOT_CLASS = YES_ERROR;
				CLANG_WARN_QUOTED_INCLUDE_IN_FRAMEWORK_HEADER = YES;
				CLANG_WARN_RANGE_LOOP_ANALYSIS = YES;
				CLANG_WARN_STRICT_PROTOTYPES = YES;
				CLANG_WARN_SUSPICIOUS_MOVE = YES;
				CLANG_WARN_UNGUARDED_AVAILABILITY = YES_AGGRESSIVE;
				CLANG_WARN_UNREACHABLE_CODE = YES;
				CLANG_WARN__DUPLICATE_METHOD_MATCH = YES;
				COPY_PHASE_STRIP = NO;
				DEBUG_INFORMATION_FORMAT = dwarf;
				ENABLE_STRICT_OBJC_MSGSEND = YES;
				ENABLE_TESTABILITY = YES;
				ENABLE_USER_SCRIPT_SANDBOXING = YES;
				GCC_C_LANGUAGE_STANDARD = gnu17;
				GCC_DYNAMIC_NO_PIC = NO;
				GCC_NO_COMMON_BLOCKS = YES;
				GCC_OPTIMIZATION_LEVEL = 0;
				GCC_PREPROCESSOR_DEFINITIONS = (
					"DEBUG=1",
					"$(inherited)",
				);
				GCC_WARN_64_TO_32_BIT_CONVERSION = YES;
				GCC_WARN_ABOUT_RETURN_TYPE = YES_ERROR;
				GCC_WARN_UNDECLARED_SELECTOR = YES;
				GCC_WARN_UNINITIALIZED_AUTOS = YES_AGGRESSIVE;
				GCC_WARN_UNUSED_FUNCTION = YES;
				GCC_WARN_UNUSED_VARIABLE = YES;
				INFOPLIST_KEY_UIApplicationSceneManifest_Generation = NO;
				INFOPLIST_KEY_UILaunchScreen_Generation = NO;
				IPHONEOS_DEPLOYMENT_TARGET = 18.2;
				LOCALIZATION_PREFERS_STRING_CATALOGS = YES;
				MTL_ENABLE_DEBUG_INFO = INCLUDE_SOURCE;
				MTL_FAST_MATH = YES;
				ONLY_ACTIVE_ARCH = YES;
				SDKROOT = iphoneos;
				SWIFT_ACTIVE_COMPILATION_CONDITIONS = "DEBUG $(inherited)";
				SWIFT_OPTIMIZATION_LEVEL = "-Onone";
			};
			name = Debug;
		};
		F30146712DA5315D007584DB /* Release */ = {
			isa = XCBuildConfiguration;
			buildSettings = {
				ALWAYS_SEARCH_USER_PATHS = NO;
				ASSETCATALOG_COMPILER_GENERATE_SWIFT_ASSET_SYMBOL_EXTENSIONS = YES;
				CLANG_ANALYZER_NONNULL = YES;
				CLANG_ANALYZER_NUMBER_OBJECT_CONVERSION = YES_AGGRESSIVE;
				CLANG_CXX_LANGUAGE_STANDARD = "gnu++20";
				CLANG_ENABLE_MODULES = YES;
				CLANG_ENABLE_OBJC_ARC = YES;
				CLANG_ENABLE_OBJC_WEAK = YES;
				CLANG_WARN_BLOCK_CAPTURE_AUTORELEASING = YES;
				CLANG_WARN_BOOL_CONVERSION = YES;
				CLANG_WARN_COMMA = YES;
				CLANG_WARN_CONSTANT_CONVERSION = YES;
				CLANG_WARN_DEPRECATED_OBJC_IMPLEMENTATIONS = YES;
				CLANG_WARN_DIRECT_OBJC_ISA_USAGE = YES_ERROR;
				CLANG_WARN_DOCUMENTATION_COMMENTS = YES;
				CLANG_WARN_EMPTY_BODY = YES;
				CLANG_WARN_ENUM_CONVERSION = YES;
				CLANG_WARN_INFINITE_RECURSION = YES;
				CLANG_WARN_INT_CONVERSION = YES;
				CLANG_WARN_NON_LITERAL_NULL_CONVERSION = YES;
				CLANG_WARN_OBJC_IMPLICIT_RETAIN_SELF = YES;
				CLANG_WARN_OBJC_LITERAL_CONVERSION = YES;
				CLANG_WARN_OBJC_ROOT_CLASS = YES_ERROR;
				CLANG_WARN_QUOTED_INCLUDE_IN_FRAMEWORK_HEADER = YES;
				CLANG_WARN_RANGE_LOOP_ANALYSIS = YES;
				CLANG_WARN_STRICT_PROTOTYPES = YES;
				CLANG_WARN_SUSPICIOUS_MOVE = YES;
				CLANG_WARN_UNGUARDED_AVAILABILITY = YES_AGGRESSIVE;
				CLANG_WARN_UNREACHABLE_CODE = YES;
				CLANG_WARN__DUPLICATE_METHOD_MATCH = YES;
				COPY_PHASE_STRIP = NO;
				DEBUG_INFORMATION_FORMAT = "dwarf-with-dsym";
				ENABLE_NS_ASSERTIONS = NO;
				ENABLE_STRICT_OBJC_MSGSEND = YES;
				ENABLE_USER_SCRIPT_SANDBOXING = YES;
				GCC_C_LANGUAGE_STANDARD = gnu17;
				GCC_NO_COMMON_BLOCKS = YES;
				GCC_WARN_64_TO_32_BIT_CONVERSION = YES;
				GCC_WARN_ABOUT_RETURN_TYPE = YES_ERROR;
				GCC_WARN_UNDECLARED_SELECTOR = YES;
				GCC_WARN_UNINITIALIZED_AUTOS = YES_AGGRESSIVE;
				GCC_WARN_UNUSED_FUNCTION = YES;
				GCC_WARN_UNUSED_VARIABLE = YES;
				INFOPLIST_KEY_UIApplicationSceneManifest_Generation = NO;
				INFOPLIST_KEY_UILaunchScreen_Generation = NO;
				IPHONEOS_DEPLOYMENT_TARGET = 18.2;
				LOCALIZATION_PREFERS_STRING_CATALOGS = YES;
				MTL_ENABLE_DEBUG_INFO = NO;
				MTL_FAST_MATH = YES;
				SDKROOT = iphoneos;
				SWIFT_COMPILATION_MODE = wholemodule;
				VALIDATE_PRODUCT = YES;
			};
			name = Release;
		};
		F30146732DA5315D007584DB /* Debug */ = {
			isa = XCBuildConfiguration;
			buildSettings = {
				ASSETCATALOG_COMPILER_APPICON_NAME = AppIcon;
				ASSETCATALOG_COMPILER_GLOBAL_ACCENT_COLOR_NAME = AccentColor;
				CODE_SIGN_STYLE = Automatic;
				CURRENT_PROJECT_VERSION = 1;
				DEVELOPMENT_ASSET_PATHS = "\"Study/Resources/Preview Content\"";
				DEVELOPMENT_TEAM = 255LH3ANG4;
				ENABLE_PREVIEWS = YES;
				GENERATE_INFOPLIST_FILE = YES;
				INFOPLIST_FILE = Study/Configuration/Info.plist;
				INFOPLIST_KEY_UIApplicationSceneManifest_Generation = YES;
				INFOPLIST_KEY_UIApplicationSupportsIndirectInputEvents = YES;
				INFOPLIST_KEY_UILaunchScreen_Generation = YES;
				INFOPLIST_KEY_UISupportedInterfaceOrientations_iPad = "UIInterfaceOrientationPortrait UIInterfaceOrientationPortraitUpsideDown UIInterfaceOrientationLandscapeLeft UIInterfaceOrientationLandscapeRight";
				INFOPLIST_KEY_UISupportedInterfaceOrientations_iPhone = "UIInterfaceOrientationPortrait UIInterfaceOrientationLandscapeLeft UIInterfaceOrientationLandscapeRight";
				LD_RUNPATH_SEARCH_PATHS = (
					"$(inherited)",
					"@executable_path/Frameworks",
				);
				MARKETING_VERSION = 1.0;
				PRODUCT_BUNDLE_IDENTIFIER = com.example.Study;
				PRODUCT_NAME = "$(TARGET_NAME)";
				SWIFT_EMIT_LOC_STRINGS = YES;
				SWIFT_VERSION = 5.0;
				TARGETED_DEVICE_FAMILY = "1,2";
			};
			name = Debug;
		};
		F30146742DA5315D007584DB /* Release */ = {
			isa = XCBuildConfiguration;
			buildSettings = {
				ASSETCATALOG_COMPILER_APPICON_NAME = AppIcon;
				ASSETCATALOG_COMPILER_GLOBAL_ACCENT_COLOR_NAME = AccentColor;
				CODE_SIGN_STYLE = Automatic;
				CURRENT_PROJECT_VERSION = 1;
				DEVELOPMENT_ASSET_PATHS = "\"Study/Resources/Preview Content\"";
				DEVELOPMENT_TEAM = 255LH3ANG4;
				ENABLE_PREVIEWS = YES;
				GENERATE_INFOPLIST_FILE = YES;
				INFOPLIST_FILE = Study/Configuration/Info.plist;
				INFOPLIST_KEY_UIApplicationSceneManifest_Generation = YES;
				INFOPLIST_KEY_UIApplicationSupportsIndirectInputEvents = YES;
				INFOPLIST_KEY_UILaunchScreen_Generation = YES;
				INFOPLIST_KEY_UISupportedInterfaceOrientations_iPad = "UIInterfaceOrientationPortrait UIInterfaceOrientationPortraitUpsideDown UIInterfaceOrientationLandscapeLeft UIInterfaceOrientationLandscapeRight";
				INFOPLIST_KEY_UISupportedInterfaceOrientations_iPhone = "UIInterfaceOrientationPortrait UIInterfaceOrientationLandscapeLeft UIInterfaceOrientationLandscapeRight";
				LD_RUNPATH_SEARCH_PATHS = (
					"$(inherited)",
					"@executable_path/Frameworks",
				);
				MARKETING_VERSION = 1.0;
				PRODUCT_BUNDLE_IDENTIFIER = com.example.Study;
				PRODUCT_NAME = "$(TARGET_NAME)";
				SWIFT_EMIT_LOC_STRINGS = YES;
				SWIFT_VERSION = 5.0;
				TARGETED_DEVICE_FAMILY = "1,2";
			};
			name = Release;
		};
		F30146762DA5315D007584DB /* Debug */ = {
			isa = XCBuildConfiguration;
			buildSettings = {
				BUNDLE_LOADER = "$(TEST_HOST)";
				CODE_SIGN_STYLE = Automatic;
				CURRENT_PROJECT_VERSION = 1;
				DEVELOPMENT_TEAM = 255LH3ANG4;
				GENERATE_INFOPLIST_FILE = YES;
				IPHONEOS_DEPLOYMENT_TARGET = 18.2;
				MARKETING_VERSION = 1.0;
				PRODUCT_BUNDLE_IDENTIFIER = com.example.StudyTests;
				PRODUCT_NAME = "$(TARGET_NAME)";
				SWIFT_EMIT_LOC_STRINGS = NO;
				SWIFT_VERSION = 5.0;
				TARGETED_DEVICE_FAMILY = "1,2";
				TEST_HOST = "$(BUILT_PRODUCTS_DIR)/Study.app/$(BUNDLE_EXECUTABLE_FOLDER_PATH)/Study";
			};
			name = Debug;
		};
		F30146772DA5315D007584DB /* Release */ = {
			isa = XCBuildConfiguration;
			buildSettings = {
				BUNDLE_LOADER = "$(TEST_HOST)";
				CODE_SIGN_STYLE = Automatic;
				CURRENT_PROJECT_VERSION = 1;
				DEVELOPMENT_TEAM = 255LH3ANG4;
				GENERATE_INFOPLIST_FILE = YES;
				IPHONEOS_DEPLOYMENT_TARGET = 18.2;
				MARKETING_VERSION = 1.0;
				PRODUCT_BUNDLE_IDENTIFIER = com.example.StudyTests;
				PRODUCT_NAME = "$(TARGET_NAME)";
				SWIFT_EMIT_LOC_STRINGS = NO;
				SWIFT_VERSION = 5.0;
				TARGETED_DEVICE_FAMILY = "1,2";
				TEST_HOST = "$(BUILT_PRODUCTS_DIR)/Study.app/$(BUNDLE_EXECUTABLE_FOLDER_PATH)/Study";
			};
			name = Release;
		};
		F30146792DA5315D007584DB /* Debug */ = {
			isa = XCBuildConfiguration;
			buildSettings = {
				CODE_SIGN_STYLE = Automatic;
				CURRENT_PROJECT_VERSION = 1;
				DEVELOPMENT_TEAM = 255LH3ANG4;
				GENERATE_INFOPLIST_FILE = YES;
				MARKETING_VERSION = 1.0;
				PRODUCT_BUNDLE_IDENTIFIER = com.example.StudyUITests;
				PRODUCT_NAME = "$(TARGET_NAME)";
				SWIFT_EMIT_LOC_STRINGS = NO;
				SWIFT_VERSION = 5.0;
				TARGETED_DEVICE_FAMILY = "1,2";
				TEST_TARGET_NAME = Study;
			};
			name = Debug;
		};
		F301467A2DA5315D007584DB /* Release */ = {
			isa = XCBuildConfiguration;
			buildSettings = {
				CODE_SIGN_STYLE = Automatic;
				CURRENT_PROJECT_VERSION = 1;
				DEVELOPMENT_TEAM = 255LH3ANG4;
				GENERATE_INFOPLIST_FILE = YES;
				MARKETING_VERSION = 1.0;
				PRODUCT_BUNDLE_IDENTIFIER = com.example.StudyUITests;
				PRODUCT_NAME = "$(TARGET_NAME)";
				SWIFT_EMIT_LOC_STRINGS = NO;
				SWIFT_VERSION = 5.0;
				TARGETED_DEVICE_FAMILY = "1,2";
				TEST_TARGET_NAME = Study;
			};
			name = Release;
		};
/* End XCBuildConfiguration section */

/* Begin XCConfigurationList section */
		F30146492DA5315C007584DB /* Build configuration list for PBXProject "Study" */ = {
			isa = XCConfigurationList;
			buildConfigurations = (
				F30146702DA5315D007584DB /* Debug */,
				F30146712DA5315D007584DB /* Release */,
			);
			defaultConfigurationIsVisible = 0;
			defaultConfigurationName = Release;
		};
		F30146722DA5315D007584DB /* Build configuration list for PBXNativeTarget "Study" */ = {
			isa = XCConfigurationList;
			buildConfigurations = (
				F30146732DA5315D007584DB /* Debug */,
				F30146742DA5315D007584DB /* Release */,
			);
			defaultConfigurationIsVisible = 0;
			defaultConfigurationName = Release;
		};
		F30146752DA5315D007584DB /* Build configuration list for PBXNativeTarget "StudyTests" */ = {
			isa = XCConfigurationList;
			buildConfigurations = (
				F30146762DA5315D007584DB /* Debug */,
				F30146772DA5315D007584DB /* Release */,
			);
			defaultConfigurationIsVisible = 0;
			defaultConfigurationName = Release;
		};
		F30146782DA5315D007584DB /* Build configuration list for PBXNativeTarget "StudyUITests" */ = {
			isa = XCConfigurationList;
			buildConfigurations = (
				F30146792DA5315D007584DB /* Debug */,
				F301467A2DA5315D007584DB /* Release */,
			);
			defaultConfigurationIsVisible = 0;
			defaultConfigurationName = Release;
		};
/* End XCConfigurationList section */
	};
	rootObject = F30146462DA5315C007584DB /* Project object */;
}
